{
  "version": 4,
  "terraform_version": "0.14.7",
  "serial": 15,
  "lineage": "2ca98350-15a3-8671-d20f-749a18fa1790",
  "outputs": {},
  "resources": [
    {
      "module": "module.ecs_cluster",
      "mode": "data",
      "type": "aws_ami",
      "name": "ecs",
      "provider": "provider[\"registry.terraform.io/hashicorp/aws\"]",
      "instances": [
        {
          "schema_version": 0,
          "attributes": {
            "architecture": "x86_64",
            "arn": "arn:aws:ec2:ap-southeast-1::image/ami-0577ab6c8cde47f3f",
            "block_device_mappings": [
              {
                "device_name": "/dev/xvda",
                "ebs": {
                  "delete_on_termination": "true",
                  "encrypted": "false",
                  "iops": "0",
                  "snapshot_id": "snap-0cb50fd89fd4d329f",
                  "throughput": "0",
                  "volume_size": "8",
                  "volume_type": "gp2"
                },
                "no_device": "",
                "virtual_name": ""
              },
              {
                "device_name": "/dev/xvdcz",
                "ebs": {
                  "delete_on_termination": "true",
                  "encrypted": "false",
                  "iops": "0",
                  "snapshot_id": "snap-0e5df029ad97d62f4",
                  "throughput": "0",
                  "volume_size": "22",
                  "volume_type": "gp2"
                },
                "no_device": "",
                "virtual_name": ""
              }
            ],
            "boot_mode": "",
            "creation_date": "2022-02-10T00:18:31.000Z",
            "description": "Amazon Linux AMI amzn-ami-2018.03.20220209 x86_64 ECS HVM GP2",
            "ena_support": true,
            "executable_users": null,
            "filter": [
              {
                "name": "name",
                "values": [
                  "amzn-ami-*-amazon-ecs-optimized"
                ]
              },
              {
                "name": "virtualization-type",
                "values": [
                  "hvm"
                ]
              }
            ],
            "hypervisor": "xen",
            "id": "ami-0577ab6c8cde47f3f",
            "image_id": "ami-0577ab6c8cde47f3f",
            "image_location": "amazon/amzn-ami-2018.03.20220209-amazon-ecs-optimized",
            "image_owner_alias": "amazon",
            "image_type": "machine",
            "kernel_id": null,
            "most_recent": true,
            "name": "amzn-ami-2018.03.20220209-amazon-ecs-optimized",
            "name_regex": null,
            "owner_id": "591542846629",
            "owners": [
              "amazon"
            ],
            "platform": null,
            "platform_details": "Linux/UNIX",
            "product_codes": [],
            "public": true,
            "ramdisk_id": null,
            "root_device_name": "/dev/xvda",
            "root_device_type": "ebs",
            "root_snapshot_id": "snap-0cb50fd89fd4d329f",
            "sriov_net_support": "simple",
            "state": "available",
            "state_reason": {
              "code": "UNSET",
              "message": "UNSET"
            },
            "tags": {},
            "usage_operation": "RunInstances",
            "virtualization_type": "hvm"
          },
          "sensitive_attributes": []
        }
      ]
    },
    {
      "module": "module.ecs_cluster",
      "mode": "data",
      "type": "aws_iam_policy_document",
      "name": "instance_policy",
      "provider": "provider[\"registry.terraform.io/hashicorp/aws\"]",
      "instances": [
        {
          "schema_version": 0,
          "attributes": {
            "id": "1781712075",
            "json": "{\n  \"Version\": \"2012-10-17\",\n  \"Statement\": [\n    {\n      \"Sid\": \"CloudwatchPutMetricData\",\n      \"Effect\": \"Allow\",\n      \"Action\": \"cloudwatch:PutMetricData\",\n      \"Resource\": \"*\"\n    },\n    {\n      \"Sid\": \"InstanceLogging\",\n      \"Effect\": \"Allow\",\n      \"Action\": [\n        \"logs:PutLogEvents\",\n        \"logs:DescribeLogStreams\",\n        \"logs:CreateLogStream\",\n        \"logs:CreateLogGroup\"\n      ],\n      \"Resource\": \"arn:aws:logs:ap-southeast-1:279155680798:log-group:ingress-instance\"\n    }\n  ]\n}",
            "override_json": null,
            "override_policy_documents": null,
            "policy_id": null,
            "source_json": null,
            "source_policy_documents": null,
            "statement": [
              {
                "actions": [
                  "cloudwatch:PutMetricData"
                ],
                "condition": [],
                "effect": "Allow",
                "not_actions": [],
                "not_principals": [],
                "not_resources": [],
                "principals": [],
                "resources": [
                  "*"
                ],
                "sid": "CloudwatchPutMetricData"
              },
              {
                "actions": [
                  "logs:CreateLogGroup",
                  "logs:CreateLogStream",
                  "logs:DescribeLogStreams",
                  "logs:PutLogEvents"
                ],
                "condition": [],
                "effect": "Allow",
                "not_actions": [],
                "not_principals": [],
                "not_resources": [],
                "principals": [],
                "resources": [
                  "arn:aws:logs:ap-southeast-1:279155680798:log-group:ingress-instance"
                ],
                "sid": "InstanceLogging"
              }
            ],
            "version": "2012-10-17"
          },
          "sensitive_attributes": []
        }
      ]
    },
    {
      "module": "module.ecs_cluster",
      "mode": "data",
      "type": "template_file",
      "name": "user_data",
      "provider": "provider[\"registry.terraform.io/hashicorp/template\"]",
      "instances": [
        {
          "schema_version": 0,
          "attributes": {
            "filename": null,
            "id": "f82c94677e785e53bcdd56895d927ca341acf635fdece59b11c06ea4c429b169",
            "rendered": "#!/bin/bash\nset -x\n# Stream instance logs to CloudWatch Logs\necho \"ECS_AVAILABLE_LOGGING_DRIVERS=[\\\"awslogs\\\",\\\"fluentd\\\"]\" \u003e\u003e /etc/ecs/ecs.config",
            "template": "#!/bin/bash\nset -x\n# Stream instance logs to CloudWatch Logs\necho \"ECS_AVAILABLE_LOGGING_DRIVERS=[\\\"awslogs\\\",\\\"fluentd\\\"]\" \u003e\u003e /etc/ecs/ecs.config",
            "vars": {
              "additional_user_data_script": "",
              "ecs_cluster": "ingress",
              "log_group": "ingress-instance"
            }
          },
          "sensitive_attributes": []
        }
      ]
    },
    {
      "module": "module.ecs_cluster",
      "mode": "managed",
      "type": "aws_autoscaling_group",
      "name": "asg",
      "provider": "provider[\"registry.terraform.io/hashicorp/aws\"]",
      "instances": [
        {
          "schema_version": 0,
          "attributes": {
            "arn": "arn:aws:autoscaling:ap-southeast-1:279155680798:autoScalingGroup:33b50165-9288-454e-9f6c-36cf721e6f8a:autoScalingGroupName/ingress-asg",
            "availability_zones": [
              "ap-southeast-1a",
              "ap-southeast-1b",
              "ap-southeast-1c"
            ],
            "capacity_rebalance": false,
            "default_cooldown": 300,
            "desired_capacity": 1,
            "enabled_metrics": null,
            "force_delete": false,
            "force_delete_warm_pool": false,
            "health_check_grace_period": 300,
            "health_check_type": "EC2",
            "id": "ingress-asg",
            "initial_lifecycle_hook": [],
            "instance_refresh": [],
            "launch_configuration": "ingress-lc20220223080311684700000003",
            "launch_template": [],
            "load_balancers": null,
            "max_instance_lifetime": 0,
            "max_size": 2,
            "metrics_granularity": "1Minute",
            "min_elb_capacity": null,
            "min_size": 1,
            "mixed_instances_policy": [],
            "name": "ingress-asg",
            "name_prefix": "",
            "placement_group": "",
            "protect_from_scale_in": false,
            "service_linked_role_arn": "arn:aws:iam::279155680798:role/aws-service-role/autoscaling.amazonaws.com/AWSServiceRoleForAutoScaling",
            "suspended_processes": null,
            "tag": [],
            "tags": null,
            "target_group_arns": null,
            "termination_policies": null,
            "timeouts": null,
            "vpc_zone_identifier": [
              "subnet-02c8d2ec780222788",
              "subnet-081d724824b1adb0c",
              "subnet-0c33b5a346a0ed4c8"
            ],
            "wait_for_capacity_timeout": "10m",
            "wait_for_elb_capacity": null,
            "warm_pool": []
          },
          "sensitive_attributes": [],
          "private": "eyJlMmJmYjczMC1lY2FhLTExZTYtOGY4OC0zNDM2M2JjN2M0YzAiOnsiZGVsZXRlIjo2MDAwMDAwMDAwMDB9fQ==",
          "dependencies": [
            "module.ecs_cluster.aws_cloudwatch_log_group.instance",
            "module.ecs_cluster.aws_ecs_cluster.ecs",
            "module.ecs_cluster.aws_iam_instance_profile.instance",
            "module.ecs_cluster.aws_iam_role.instance",
            "module.ecs_cluster.aws_key_pair.user",
            "module.ecs_cluster.aws_launch_configuration.instance",
            "module.ecs_cluster.aws_security_group.instance",
            "module.ecs_cluster.data.aws_ami.ecs",
            "module.ecs_cluster.data.template_file.user_data"
          ],
          "create_before_destroy": true
        }
      ]
    },
    {
      "module": "module.ecs_cluster",
      "mode": "managed",
      "type": "aws_cloudwatch_log_group",
      "name": "instance",
      "provider": "provider[\"registry.terraform.io/hashicorp/aws\"]",
      "instances": [
        {
          "schema_version": 0,
          "attributes": {
            "arn": "arn:aws:logs:ap-southeast-1:279155680798:log-group:ingress-instance",
            "id": "ingress-instance",
            "kms_key_id": "",
            "name": "ingress-instance",
            "name_prefix": null,
            "retention_in_days": 0,
            "tags": {
              "Environment": "prod",
              "Name": "ingress",
              "Owner": "Xebia"
            },
            "tags_all": {
              "Environment": "prod",
              "Name": "ingress",
              "Owner": "Xebia"
            }
          },
          "sensitive_attributes": [],
          "private": "bnVsbA==",
          "create_before_destroy": true
        }
      ]
    },
    {
      "module": "module.ecs_cluster",
      "mode": "managed",
      "type": "aws_ecs_cluster",
      "name": "ecs",
      "provider": "provider[\"registry.terraform.io/hashicorp/aws\"]",
      "instances": [
        {
          "schema_version": 0,
          "attributes": {
            "arn": "arn:aws:ecs:ap-southeast-1:279155680798:cluster/ingress",
            "capacity_providers": [],
            "configuration": [],
            "default_capacity_provider_strategy": [],
            "id": "arn:aws:ecs:ap-southeast-1:279155680798:cluster/ingress",
            "name": "ingress",
            "setting": [
              {
                "name": "containerInsights",
                "value": "disabled"
              }
            ],
            "tags": null,
            "tags_all": {}
          },
          "sensitive_attributes": [],
          "private": "bnVsbA==",
          "create_before_destroy": true
        }
      ]
    },
    {
      "module": "module.ecs_cluster",
      "mode": "managed",
      "type": "aws_iam_instance_profile",
      "name": "instance",
      "provider": "provider[\"registry.terraform.io/hashicorp/aws\"]",
      "instances": [
        {
          "schema_version": 0,
          "attributes": {
            "arn": "arn:aws:iam::279155680798:instance-profile/ingress-instance-profile",
            "create_date": "2022-02-23T08:03:04Z",
            "id": "ingress-instance-profile",
            "name": "ingress-instance-profile",
            "name_prefix": null,
            "path": "/",
            "role": "ingress-instance-role",
            "tags": null,
            "tags_all": {},
            "unique_id": "AIPAUB7XZUYPI4ZGCKKBN"
          },
          "sensitive_attributes": [],
          "private": "bnVsbA==",
          "dependencies": [
            "module.ecs_cluster.aws_iam_role.instance"
          ],
          "create_before_destroy": true
        }
      ]
    },
    {
      "module": "module.ecs_cluster",
      "mode": "managed",
      "type": "aws_iam_policy",
      "name": "instance_policy",
      "provider": "provider[\"registry.terraform.io/hashicorp/aws\"]",
      "instances": [
        {
          "schema_version": 0,
          "attributes": {
            "arn": "arn:aws:iam::279155680798:policy/ingress-ecs-instance",
            "description": "",
            "id": "arn:aws:iam::279155680798:policy/ingress-ecs-instance",
            "name": "ingress-ecs-instance",
            "name_prefix": null,
            "path": "/",
            "policy": "{\"Statement\":[{\"Action\":\"cloudwatch:PutMetricData\",\"Effect\":\"Allow\",\"Resource\":\"*\",\"Sid\":\"CloudwatchPutMetricData\"},{\"Action\":[\"logs:PutLogEvents\",\"logs:DescribeLogStreams\",\"logs:CreateLogStream\",\"logs:CreateLogGroup\"],\"Effect\":\"Allow\",\"Resource\":\"arn:aws:logs:ap-southeast-1:279155680798:log-group:ingress-instance\",\"Sid\":\"InstanceLogging\"}],\"Version\":\"2012-10-17\"}",
            "policy_id": "ANPAUB7XZUYPOLT2LBL3X",
            "tags": null,
            "tags_all": {}
          },
          "sensitive_attributes": [],
          "private": "bnVsbA==",
          "dependencies": [
            "module.ecs_cluster.aws_cloudwatch_log_group.instance",
            "module.ecs_cluster.data.aws_iam_policy_document.instance_policy"
          ]
        }
      ]
    },
    {
      "module": "module.ecs_cluster",
      "mode": "managed",
      "type": "aws_iam_role",
      "name": "instance",
      "provider": "provider[\"registry.terraform.io/hashicorp/aws\"]",
      "instances": [
        {
          "schema_version": 0,
          "attributes": {
            "arn": "arn:aws:iam::279155680798:role/ingress-instance-role",
            "assume_role_policy": "{\"Version\":\"2012-10-17\",\"Statement\":[{\"Sid\":\"\",\"Effect\":\"Allow\",\"Principal\":{\"Service\":\"ec2.amazonaws.com\"},\"Action\":\"sts:AssumeRole\"}]}",
            "create_date": "2022-02-23T08:03:02Z",
            "description": "",
            "force_detach_policies": false,
            "id": "ingress-instance-role",
            "inline_policy": [
              {
                "name": "",
                "policy": ""
              }
            ],
            "managed_policy_arns": [],
            "max_session_duration": 3600,
            "name": "ingress-instance-role",
            "name_prefix": "",
            "path": "/",
            "permissions_boundary": null,
            "tags": null,
            "tags_all": {},
            "unique_id": "AROAUB7XZUYPKWZPJVHHI"
          },
          "sensitive_attributes": [],
          "private": "bnVsbA==",
          "create_before_destroy": true
        }
      ]
    },
    {
      "module": "module.ecs_cluster",
      "mode": "managed",
      "type": "aws_iam_role_policy_attachment",
      "name": "ecs_policy",
      "provider": "provider[\"registry.terraform.io/hashicorp/aws\"]",
      "instances": [
        {
          "schema_version": 0,
          "attributes": {
            "id": "ingress-instance-role-20220223080304673400000001",
            "policy_arn": "arn:aws:iam::aws:policy/service-role/AmazonEC2ContainerServiceforEC2Role",
            "role": "ingress-instance-role"
          },
          "sensitive_attributes": [],
          "private": "bnVsbA==",
          "dependencies": [
            "module.ecs_cluster.aws_iam_role.instance"
          ]
        }
      ]
    },
    {
      "module": "module.ecs_cluster",
      "mode": "managed",
      "type": "aws_iam_role_policy_attachment",
      "name": "instance_policy",
      "provider": "provider[\"registry.terraform.io/hashicorp/aws\"]",
      "instances": [
        {
          "schema_version": 0,
          "attributes": {
            "id": "ingress-instance-role-20220223080304683100000002",
            "policy_arn": "arn:aws:iam::279155680798:policy/ingress-ecs-instance",
            "role": "ingress-instance-role"
          },
          "sensitive_attributes": [],
          "private": "bnVsbA==",
          "dependencies": [
            "module.ecs_cluster.aws_cloudwatch_log_group.instance",
            "module.ecs_cluster.aws_iam_policy.instance_policy",
            "module.ecs_cluster.aws_iam_role.instance",
            "module.ecs_cluster.data.aws_iam_policy_document.instance_policy"
          ]
        }
      ]
    },
    {
      "module": "module.ecs_cluster",
      "mode": "managed",
      "type": "aws_key_pair",
      "name": "user",
      "provider": "provider[\"registry.terraform.io/hashicorp/aws\"]",
      "instances": [
        {
          "index_key": 0,
          "schema_version": 1,
          "attributes": {
            "arn": "arn:aws:ec2:ap-southeast-1:279155680798:key-pair/ingress",
            "fingerprint": "e3:5b:98:68:a3:84:78:4e:de:d1:72:8c:1e:66:eb:ac",
            "id": "ingress",
            "key_name": "ingress",
            "key_name_prefix": "",
            "key_pair_id": "key-0a952c189b0db0a8a",
            "public_key": "ssh-rsa AAAAB3NzaC1yc2EAAAADAQABAAABgQCqNOPT0F8yZNegtB1QVDz1FryXog3T+n8+SBOQlkKnxl1iVw+8w9d9VtKc4O4k+SHS0lkm+1KuSOI6ts43yYw302PHGHO/T4aDUjUjmVgTRF1lP33zBv2FNcOVOr6q5fikUaer5Npg6nP3F8lmjSCjUgOx2owkeWyp+zqpxmW5AoLoKNwigpcBTwDLkTc8itsR+fgznBkHz8hmK1F360PBNzB1gCbbO60ZLEhpnMDrv13eyE5QXO38WhGnYoSqVilppqJU+mvIW5mAi1lAjf9Aydex50QqA8B4y+FHeelRE9L3+3E/vhYkuYn8kSz+rNBvSPQ58P5zSYhA0SztzXOxNjv5Yslpp7psdWnwVOKabf7M6iUW3yuqX4k1dQuRhKJLFnx5m9OvOA4r144TgaiYFBc+uUBazFOCe8xR32e6xgMJVu+XniNNxsQQrhtFalQFjeFbcCAHKGCLlX4hOeo6WsJdHtR4mR6sU2KRMLwzHvOHQOyS7DOKG7wj0PApDqc= sumitkadian@sumits-MacBook-Pro.local",
            "tags": null,
            "tags_all": {}
          },
          "sensitive_attributes": [],
          "private": "eyJzY2hlbWFfdmVyc2lvbiI6IjEifQ==",
          "create_before_destroy": true
        }
      ]
    },
    {
      "module": "module.ecs_cluster",
      "mode": "managed",
      "type": "aws_launch_configuration",
      "name": "instance",
      "provider": "provider[\"registry.terraform.io/hashicorp/aws\"]",
      "instances": [
        {
          "schema_version": 0,
          "attributes": {
            "arn": "arn:aws:autoscaling:ap-southeast-1:279155680798:launchConfiguration:2e0981ad-5c51-4a8a-b70b-acd13456e64e:launchConfigurationName/ingress-lc20220223080311684700000003",
            "associate_public_ip_address": false,
            "ebs_block_device": [],
            "ebs_optimized": false,
            "enable_monitoring": true,
            "ephemeral_block_device": [],
            "iam_instance_profile": "ingress-instance-profile",
            "id": "ingress-lc20220223080311684700000003",
            "image_id": "ami-0577ab6c8cde47f3f",
            "instance_type": "t2.micro",
            "key_name": "ingress",
            "metadata_options": [],
            "name": "ingress-lc20220223080311684700000003",
            "name_prefix": "ingress-lc",
            "placement_tenancy": null,
            "root_block_device": [
              {
                "delete_on_termination": true,
                "encrypted": false,
                "iops": 0,
                "throughput": 0,
                "volume_size": 50,
                "volume_type": "gp2"
              }
            ],
            "security_groups": [
              "sg-0452c9cade2f0d733"
            ],
            "spot_price": "",
            "user_data": "5c6309de4d75f5a0a0223528da0488949bed64dd",
            "user_data_base64": null,
            "vpc_classic_link_id": "",
            "vpc_classic_link_security_groups": null
          },
          "sensitive_attributes": [],
          "private": "bnVsbA==",
          "dependencies": [
            "module.ecs_cluster.aws_cloudwatch_log_group.instance",
            "module.ecs_cluster.aws_ecs_cluster.ecs",
            "module.ecs_cluster.aws_iam_instance_profile.instance",
            "module.ecs_cluster.aws_iam_role.instance",
            "module.ecs_cluster.aws_key_pair.user",
            "module.ecs_cluster.aws_security_group.instance",
            "module.ecs_cluster.data.aws_ami.ecs",
            "module.ecs_cluster.data.template_file.user_data"
          ],
          "create_before_destroy": true
        }
      ]
    },
    {
      "module": "module.ecs_cluster",
      "mode": "managed",
      "type": "aws_security_group",
      "name": "instance",
      "provider": "provider[\"registry.terraform.io/hashicorp/aws\"]",
      "instances": [
        {
          "schema_version": 1,
          "attributes": {
            "arn": "arn:aws:ec2:ap-southeast-1:279155680798:security-group/sg-0452c9cade2f0d733",
            "description": "Security Group managed by Terraform",
            "egress": [],
            "id": "sg-0452c9cade2f0d733",
            "ingress": [],
            "name": "ingress-container-instance",
            "name_prefix": "",
            "owner_id": "279155680798",
            "revoke_rules_on_delete": false,
            "tags": {
              "Environment": "prod",
              "Name": "ingress-container-instance",
              "Owner": "Xebia"
            },
            "tags_all": {
              "Environment": "prod",
              "Name": "ingress-container-instance",
              "Owner": "Xebia"
            },
            "timeouts": null,
            "vpc_id": "vpc-0f91af67f56254f48"
          },
          "sensitive_attributes": [],
          "private": "eyJlMmJmYjczMC1lY2FhLTExZTYtOGY4OC0zNDM2M2JjN2M0YzAiOnsiY3JlYXRlIjo2MDAwMDAwMDAwMDAsImRlbGV0ZSI6OTAwMDAwMDAwMDAwfSwic2NoZW1hX3ZlcnNpb24iOiIxIn0=",
          "create_before_destroy": true
        }
      ]
    },
    {
      "module": "module.ecs_cluster",
      "mode": "managed",
      "type": "aws_security_group_rule",
      "name": "instance_out_all",
      "provider": "provider[\"registry.terraform.io/hashicorp/aws\"]",
      "instances": [
        {
          "schema_version": 2,
          "attributes": {
            "cidr_blocks": [
              "0.0.0.0/0"
            ],
            "description": null,
            "from_port": 0,
            "id": "sgrule-3780255885",
            "ipv6_cidr_blocks": null,
            "prefix_list_ids": null,
            "protocol": "tcp",
            "security_group_id": "sg-0452c9cade2f0d733",
            "self": false,
            "source_security_group_id": null,
            "to_port": 65535,
            "type": "egress"
          },
          "sensitive_attributes": [],
          "private": "eyJzY2hlbWFfdmVyc2lvbiI6IjIifQ==",
          "dependencies": [
            "module.ecs_cluster.aws_security_group.instance"
          ]
        }
      ]
    }
  ]
}
